
Microsoft Visual Studio Solution File, Format Version 12.00
# Visual Studio Version 17
VisualStudioVersion = 17.9.34728.123
MinimumVisualStudioVersion = 10.0.40219.1
Project("{9A19103F-16F7-4668-BE54-9A1E7A4F7556}") = "Izbornik Paulovnija 2.0", "Izbornik Paulovnija 2.0\Izbornik Paulovnija 2.0.csproj", "{5A72BB3D-6736-4F19-8D41-7E9BE4CA6F5C}"
EndProject
Project("{FAE04EC0-301F-11D3-BF4B-00C04F79EFBC}") = "Ciklicna", "Ciklicna\Ciklicna.csproj", "{08C51EF4-BD03-4CE0-918D-407F6E6AEBF4}"
EndProject
Global
	GlobalSection(SolutionConfigurationPlatforms) = preSolution
		Debug|Any CPU = Debug|Any CPU
		Release|Any CPU = Release|Any CPU
	EndGlobalSection
	GlobalSection(ProjectConfigurationPlatforms) = postSolution
		{5A72BB3D-6736-4F19-8D41-7E9BE4CA6F5C}.Debug|Any CPU.ActiveCfg = Debug|Any CPU
		{5A72BB3D-6736-4F19-8D41-7E9BE4CA6F5C}.Debug|Any CPU.Build.0 = Debug|Any CPU
		{5A72BB3D-6736-4F19-8D41-7E9BE4CA6F5C}.Release|Any CPU.ActiveCfg = Release|Any CPU
		{5A72BB3D-6736-4F19-8D41-7E9BE4CA6F5C}.Release|Any CPU.Build.0 = Release|Any CPU
		{08C51EF4-BD03-4CE0-918D-407F6E6AEBF4}.Debug|Any CPU.ActiveCfg = Debug|Any CPU
		{08C51EF4-BD03-4CE0-918D-407F6E6AEBF4}.Debug|Any CPU.Build.0 = Debug|Any CPU
		{08C51EF4-BD03-4CE0-918D-407F6E6AEBF4}.Release|Any CPU.ActiveCfg = Release|Any CPU
		{08C51EF4-BD03-4CE0-918D-407F6E6AEBF4}.Release|Any CPU.Build.0 = Release|Any CPU
	EndGlobalSection
	GlobalSection(SolutionProperties) = preSolution
		HideSolutionNode = FALSE
	EndGlobalSection
	GlobalSection(ExtensibilityGlobals) = postSolution
		SolutionGuid = {47E7C535-1AEF-4844-8CEF-4412012BC050}
	EndGlobalSection
EndGlobal
